
Microsoft Visual Studio Solution File, Format Version 12.00
# Visual Studio Version 16
VisualStudioVersion = 16.0.31702.278
MinimumVisualStudioVersion = 10.0.40219.1
Project("{8BC9CEB8-8B4A-11D0-8D11-00A0C91BC942}") = "task1", "task1\task1.vcxproj", "{DEF61BBE-14A3-4D71-BBED-9A8B1C51DC0B}"
EndProject
Global
	GlobalSection(SolutionConfigurationPlatforms) = preSolution
		Debug|x64 = Debug|x64
		Debug|x86 = Debug|x86
		Release|x64 = Release|x64
		Release|x86 = Release|x86
	EndGlobalSection
	GlobalSection(ProjectConfigurationPlatforms) = postSolution
		{DEF61BBE-14A3-4D71-BBED-9A8B1C51DC0B}.Debug|x64.ActiveCfg = Debug|x64
		{DEF61BBE-14A3-4D71-BBED-9A8B1C51DC0B}.Debug|x64.Build.0 = Debug|x64
		{DEF61BBE-14A3-4D71-BBED-9A8B1C51DC0B}.Debug|x86.ActiveCfg = Debug|Win32
		{DEF61BBE-14A3-4D71-BBED-9A8B1C51DC0B}.Debug|x86.Build.0 = Debug|Win32
		{DEF61BBE-14A3-4D71-BBED-9A8B1C51DC0B}.Release|x64.ActiveCfg = Release|x64
		{DEF61BBE-14A3-4D71-BBED-9A8B1C51DC0B}.Release|x64.Build.0 = Release|x64
		{DEF61BBE-14A3-4D71-BBED-9A8B1C51DC0B}.Release|x86.ActiveCfg = Release|Win32
		{DEF61BBE-14A3-4D71-BBED-9A8B1C51DC0B}.Release|x86.Build.0 = Release|Win32
	EndGlobalSection
	GlobalSection(SolutionProperties) = preSolution
		HideSolutionNode = FALSE
	EndGlobalSection
	GlobalSection(ExtensibilityGlobals) = postSolution
		SolutionGuid = {3025580E-F124-4B89-A1C7-92DFF14E4727}
	EndGlobalSection
EndGlobal
